
Microsoft Visual Studio Solution File, Format Version 12.00
# Visual Studio Version 17
VisualStudioVersion = 17.5.002.0
MinimumVisualStudioVersion = 10.0.40219.1
Project("{9A19103F-16F7-4668-BE54-9A1E7A4F7556}") = "Ex3", "Ex3.csproj", "{39BD3D01-A0F3-42FC-ACD5-9D3CB9EEC0C6}"
EndProject
Global
	GlobalSection(SolutionConfigurationPlatforms) = preSolution
		Debug|Any CPU = Debug|Any CPU
		Release|Any CPU = Release|Any CPU
	EndGlobalSection
	GlobalSection(ProjectConfigurationPlatforms) = postSolution
		{39BD3D01-A0F3-42FC-ACD5-9D3CB9EEC0C6}.Debug|Any CPU.ActiveCfg = Debug|Any CPU
		{39BD3D01-A0F3-42FC-ACD5-9D3CB9EEC0C6}.Debug|Any CPU.Build.0 = Debug|Any CPU
		{39BD3D01-A0F3-42FC-ACD5-9D3CB9EEC0C6}.Release|Any CPU.ActiveCfg = Release|Any CPU
		{39BD3D01-A0F3-42FC-ACD5-9D3CB9EEC0C6}.Release|Any CPU.Build.0 = Release|Any CPU
	EndGlobalSection
	GlobalSection(SolutionProperties) = preSolution
		HideSolutionNode = FALSE
	EndGlobalSection
	GlobalSection(ExtensibilityGlobals) = postSolution
		SolutionGuid = {F303C7D7-3548-4DFA-9A51-67D015BB2891}
	EndGlobalSection
EndGlobal
